// !$*UTF8*$!
{
	archiveVersion = 1;
	classes = {
	};
	objectVersion = 56;
	objects = {

/* Begin PBXBuildFile section */
		DCFCF7CF299031F300692269 /* ToDO_iOSAppApp.swift in Sources */ = {isa = PBXBuildFile; fileRef = DCFCF7CE299031F300692269 /* ToDO_iOSAppApp.swift */; };
		DCFCF7D1299031F300692269 /* ContentView.swift in Sources */ = {isa = PBXBuildFile; fileRef = DCFCF7D0299031F300692269 /* ContentView.swift */; };
		DCFCF7D3299031F400692269 /* Assets.xcassets in Resources */ = {isa = PBXBuildFile; fileRef = DCFCF7D2299031F400692269 /* Assets.xcassets */; };
		DCFCF7D6299031F400692269 /* Preview Assets.xcassets in Resources */ = {isa = PBXBuildFile; fileRef = DCFCF7D5299031F400692269 /* Preview Assets.xcassets */; };
		DCFCF7E0299031F400692269 /* ToDO_iOSAppTests.swift in Sources */ = {isa = PBXBuildFile; fileRef = DCFCF7DF299031F400692269 /* ToDO_iOSAppTests.swift */; };
		DCFCF7EA299031F400692269 /* ToDO_iOSAppUITests.swift in Sources */ = {isa = PBXBuildFile; fileRef = DCFCF7E9299031F400692269 /* ToDO_iOSAppUITests.swift */; };
		DCFCF7EC299031F400692269 /* ToDO_iOSAppUITestsLaunchTests.swift in Sources */ = {isa = PBXBuildFile; fileRef = DCFCF7EB299031F400692269 /* ToDO_iOSAppUITestsLaunchTests.swift */; };
/* End PBXBuildFile section */

/* Begin PBXContainerItemProxy section */
		DCFCF7DC299031F400692269 /* PBXContainerItemProxy */ = {
			isa = PBXContainerItemProxy;
			containerPortal = DCFCF7C3299031F300692269 /* Project object */;
			proxyType = 1;
			remoteGlobalIDString = DCFCF7CA299031F300692269;
			remoteInfo = ToDO_iOSApp;
		};
		DCFCF7E6299031F400692269 /* PBXContainerItemProxy */ = {
			isa = PBXContainerItemProxy;
			containerPortal = DCFCF7C3299031F300692269 /* Project object */;
			proxyType = 1;
			remoteGlobalIDString = DCFCF7CA299031F300692269;
			remoteInfo = ToDO_iOSApp;
		};
/* End PBXContainerItemProxy section */

/* Begin PBXFileReference section */
		DCFCF7CB299031F300692269 /* ToDO_iOSApp.app */ = {isa = PBXFileReference; explicitFileType = wrapper.application; includeInIndex = 0; path = ToDO_iOSApp.app; sourceTree = BUILT_PRODUCTS_DIR; };
		DCFCF7CE299031F300692269 /* ToDO_iOSAppApp.swift */ = {isa = PBXFileReference; lastKnownFileType = sourcecode.swift; path = ToDO_iOSAppApp.swift; sourceTree = "<group>"; };
		DCFCF7D0299031F300692269 /* ContentView.swift */ = {isa = PBXFileReference; lastKnownFileType = sourcecode.swift; path = ContentView.swift; sourceTree = "<group>"; };
		DCFCF7D2299031F400692269 /* Assets.xcassets */ = {isa = PBXFileReference; lastKnownFileType = folder.assetcatalog; path = Assets.xcassets; sourceTree = "<group>"; };
		DCFCF7D5299031F400692269 /* Preview Assets.xcassets */ = {isa = PBXFileReference; lastKnownFileType = folder.assetcatalog; path = "Preview Assets.xcassets"; sourceTree = "<group>"; };
		DCFCF7DB299031F400692269 /* ToDO_iOSAppTests.xctest */ = {isa = PBXFileReference; explicitFileType = wrapper.cfbundle; includeInIndex = 0; path = ToDO_iOSAppTests.xctest; sourceTree = BUILT_PRODUCTS_DIR; };
		DCFCF7DF299031F400692269 /* ToDO_iOSAppTests.swift */ = {isa = PBXFileReference; lastKnownFileType = sourcecode.swift; path = ToDO_iOSAppTests.swift; sourceTree = "<group>"; };
		DCFCF7E5299031F400692269 /* ToDO_iOSAppUITests.xctest */ = {isa = PBXFileReference; explicitFileType = wrapper.cfbundle; includeInIndex = 0; path = ToDO_iOSAppUITests.xctest; sourceTree = BUILT_PRODUCTS_DIR; };
		DCFCF7E9299031F400692269 /* ToDO_iOSAppUITests.swift */ = {isa = PBXFileReference; lastKnownFileType = sourcecode.swift; path = ToDO_iOSAppUITests.swift; sourceTree = "<group>"; };
		DCFCF7EB299031F400692269 /* ToDO_iOSAppUITestsLaunchTests.swift */ = {isa = PBXFileReference; lastKnownFileType = sourcecode.swift; path = ToDO_iOSAppUITestsLaunchTests.swift; sourceTree = "<group>"; };
/* End PBXFileReference section */

/* Begin PBXFrameworksBuildPhase section */
		DCFCF7C8299031F300692269 /* Frameworks */ = {
			isa = PBXFrameworksBuildPhase;
			buildActionMask = 2147483647;
			files = (
			);
			runOnlyForDeploymentPostprocessing = 0;
		};
		DCFCF7D8299031F400692269 /* Frameworks */ = {
			isa = PBXFrameworksBuildPhase;
			buildActionMask = 2147483647;
			files = (
			);
			runOnlyForDeploymentPostprocessing = 0;
		};
		DCFCF7E2299031F400692269 /* Frameworks */ = {
			isa = PBXFrameworksBuildPhase;
			buildActionMask = 2147483647;
			files = (
			);
			runOnlyForDeploymentPostprocessing = 0;
		};
/* End PBXFrameworksBuildPhase section */

/* Begin PBXGroup section */
		DCFCF7C2299031F300692269 = {
			isa = PBXGroup;
			children = (
				DCFCF7CD299031F300692269 /* ToDO_iOSApp */,
				DCFCF7DE299031F400692269 /* ToDO_iOSAppTests */,
				DCFCF7E8299031F400692269 /* ToDO_iOSAppUITests */,
				DCFCF7CC299031F300692269 /* Products */,
			);
			sourceTree = "<group>";
		};
		DCFCF7CC299031F300692269 /* Products */ = {
			isa = PBXGroup;
			children = (
				DCFCF7CB299031F300692269 /* ToDO_iOSApp.app */,
				DCFCF7DB299031F400692269 /* ToDO_iOSAppTests.xctest */,
				DCFCF7E5299031F400692269 /* ToDO_iOSAppUITests.xctest */,
			);
			name = Products;
			sourceTree = "<group>";
		};
		DCFCF7CD299031F300692269 /* ToDO_iOSApp */ = {
			isa = PBXGroup;
			children = (
				DCFCF7CE299031F300692269 /* ToDO_iOSAppApp.swift */,
				DCFCF7D0299031F300692269 /* ContentView.swift */,
				DCFCF7D2299031F400692269 /* Assets.xcassets */,
				DCFCF7D4299031F400692269 /* Preview Content */,
			);
			path = ToDO_iOSApp;
			sourceTree = "<group>";
		};
		DCFCF7D4299031F400692269 /* Preview Content */ = {
			isa = PBXGroup;
			children = (
				DCFCF7D5299031F400692269 /* Preview Assets.xcassets */,
			);
			path = "Preview Content";
			sourceTree = "<group>";
		};
		DCFCF7DE299031F400692269 /* ToDO_iOSAppTests */ = {
			isa = PBXGroup;
			children = (
				DCFCF7DF299031F400692269 /* ToDO_iOSAppTests.swift */,
			);
			path = ToDO_iOSAppTests;
			sourceTree = "<group>";
		};
		DCFCF7E8299031F400692269 /* ToDO_iOSAppUITests */ = {
			isa = PBXGroup;
			children = (
				DCFCF7E9299031F400692269 /* ToDO_iOSAppUITests.swift */,
				DCFCF7EB299031F400692269 /* ToDO_iOSAppUITestsLaunchTests.swift */,
			);
			path = ToDO_iOSAppUITests;
			sourceTree = "<group>";
		};
/* End PBXGroup section */

/* Begin PBXNativeTarget section */
		DCFCF7CA299031F300692269 /* ToDO_iOSApp */ = {
			isa = PBXNativeTarget;
			buildConfigurationList = DCFCF7EF299031F400692269 /* Build configuration list for PBXNativeTarget "ToDO_iOSApp" */;
			buildPhases = (
				DCFCF7C7299031F300692269 /* Sources */,
				DCFCF7C8299031F300692269 /* Frameworks */,
				DCFCF7C9299031F300692269 /* Resources */,
			);
			buildRules = (
			);
			dependencies = (
			);
			name = ToDO_iOSApp;
			productName = ToDO_iOSApp;
			productReference = DCFCF7CB299031F300692269 /* ToDO_iOSApp.app */;
			productType = "com.apple.product-type.application";
		};
		DCFCF7DA299031F400692269 /* ToDO_iOSAppTests */ = {
			isa = PBXNativeTarget;
			buildConfigurationList = DCFCF7F2299031F400692269 /* Build configuration list for PBXNativeTarget "ToDO_iOSAppTests" */;
			buildPhases = (
				DCFCF7D7299031F400692269 /* Sources */,
				DCFCF7D8299031F400692269 /* Frameworks */,
				DCFCF7D9299031F400692269 /* Resources */,
			);
			buildRules = (
			);
			dependencies = (
				DCFCF7DD299031F400692269 /* PBXTargetDependency */,
			);
			name = ToDO_iOSAppTests;
			productName = ToDO_iOSAppTests;
			productReference = DCFCF7DB299031F400692269 /* ToDO_iOSAppTests.xctest */;
			productType = "com.apple.product-type.bundle.unit-test";
		};
		DCFCF7E4299031F400692269 /* ToDO_iOSAppUITests */ = {
			isa = PBXNativeTarget;
			buildConfigurationList = DCFCF7F5299031F400692269 /* Build configuration list for PBXNativeTarget "ToDO_iOSAppUITests" */;
			buildPhases = (
				DCFCF7E1299031F400692269 /* Sources */,
				DCFCF7E2299031F400692269 /* Frameworks */,
				DCFCF7E3299031F400692269 /* Resources */,
			);
			buildRules = (
			);
			dependencies = (
				DCFCF7E7299031F400692269 /* PBXTargetDependency */,
			);
			name = ToDO_iOSAppUITests;
			productName = ToDO_iOSAppUITests;
			productReference = DCFCF7E5299031F400692269 /* ToDO_iOSAppUITests.xctest */;
			productType = "com.apple.product-type.bundle.ui-testing";
		};
/* End PBXNativeTarget section */

/* Begin PBXProject section */
		DCFCF7C3299031F300692269 /* Project object */ = {
			isa = PBXProject;
			attributes = {
				BuildIndependentTargetsInParallel = 1;
				LastSwiftUpdateCheck = 1420;
				LastUpgradeCheck = 1420;
				TargetAttributes = {
					DCFCF7CA299031F300692269 = {
						CreatedOnToolsVersion = 14.2;
					};
					DCFCF7DA299031F400692269 = {
						CreatedOnToolsVersion = 14.2;
						TestTargetID = DCFCF7CA299031F300692269;
					};
					DCFCF7E4299031F400692269 = {
						CreatedOnToolsVersion = 14.2;
						TestTargetID = DCFCF7CA299031F300692269;
					};
				};
			};
			buildConfigurationList = DCFCF7C6299031F300692269 /* Build configuration list for PBXProject "ToDO_iOSApp" */;
			compatibilityVersion = "Xcode 14.0";
			developmentRegion = en;
			hasScannedForEncodings = 0;
			knownRegions = (
				en,
				Base,
			);
			mainGroup = DCFCF7C2299031F300692269;
			productRefGroup = DCFCF7CC299031F300692269 /* Products */;
			projectDirPath = "";
			projectRoot = "";
			targets = (
				DCFCF7CA299031F300692269 /* ToDO_iOSApp */,
				DCFCF7DA299031F400692269 /* ToDO_iOSAppTests */,
				DCFCF7E4299031F400692269 /* ToDO_iOSAppUITests */,
			);
		};
/* End PBXProject section */

/* Begin PBXResourcesBuildPhase section */
		DCFCF7C9299031F300692269 /* Resources */ = {
			isa = PBXResourcesBuildPhase;
			buildActionMask = 2147483647;
			files = (
				DCFCF7D6299031F400692269 /* Preview Assets.xcassets in Resources */,
				DCFCF7D3299031F400692269 /* Assets.xcassets in Resources */,
			);
			runOnlyForDeploymentPostprocessing = 0;
		};
		DCFCF7D9299031F400692269 /* Resources */ = {
			isa = PBXResourcesBuildPhase;
			buildActionMask = 2147483647;
			files = (
			);
			runOnlyForDeploymentPostprocessing = 0;
		};
		DCFCF7E3299031F400692269 /* Resources */ = {
			isa = PBXResourcesBuildPhase;
			buildActionMask = 2147483647;
			files = (
			);
			runOnlyForDeploymentPostprocessing = 0;
		};
/* End PBXResourcesBuildPhase section */

/* Begin PBXSourcesBuildPhase section */
		DCFCF7C7299031F300692269 /* Sources */ = {
			isa = PBXSourcesBuildPhase;
			buildActionMask = 2147483647;
			files = (
				DCFCF7D1299031F300692269 /* ContentView.swift in Sources */,
				DCFCF7CF299031F300692269 /* ToDO_iOSAppApp.swift in Sources */,
			);
			runOnlyForDeploymentPostprocessing = 0;
		};
		DCFCF7D7299031F400692269 /* Sources */ = {
			isa = PBXSourcesBuildPhase;
			buildActionMask = 2147483647;
			files = (
				DCFCF7E0299031F400692269 /* ToDO_iOSAppTests.swift in Sources */,
			);
			runOnlyForDeploymentPostprocessing = 0;
		};
		DCFCF7E1299031F400692269 /* Sources */ = {
			isa = PBXSourcesBuildPhase;
			buildActionMask = 2147483647;
			files = (
				DCFCF7EC299031F400692269 /* ToDO_iOSAppUITestsLaunchTests.swift in Sources */,
				DCFCF7EA299031F400692269 /* ToDO_iOSAppUITests.swift in Sources */,
			);
			runOnlyForDeploymentPostprocessing = 0;
		};
/* End PBXSourcesBuildPhase section */

/* Begin PBXTargetDependency section */
		DCFCF7DD299031F400692269 /* PBXTargetDependency */ = {
			isa = PBXTargetDependency;
			target = DCFCF7CA299031F300692269 /* ToDO_iOSApp */;
			targetProxy = DCFCF7DC299031F400692269 /* PBXContainerItemProxy */;
		};
		DCFCF7E7299031F400692269 /* PBXTargetDependency */ = {
			isa = PBXTargetDependency;
			target = DCFCF7CA299031F300692269 /* ToDO_iOSApp */;
			targetProxy = DCFCF7E6299031F400692269 /* PBXContainerItemProxy */;
		};
/* End PBXTargetDependency section */

/* Begin XCBuildConfiguration section */
		DCFCF7ED299031F400692269 /* Debug */ = {
			isa = XCBuildConfiguration;
			buildSettings = {
				ALWAYS_SEARCH_USER_PATHS = NO;
				CLANG_ANALYZER_NONNULL = YES;
				CLANG_ANALYZER_NUMBER_OBJECT_CONVERSION = YES_AGGRESSIVE;
				CLANG_CXX_LANGUAGE_STANDARD = "gnu++20";
				CLANG_ENABLE_MODULES = YES;
				CLANG_ENABLE_OBJC_ARC = YES;
				CLANG_ENABLE_OBJC_WEAK = YES;
				CLANG_WARN_BLOCK_CAPTURE_AUTORELEASING = YES;
				CLANG_WARN_BOOL_CONVERSION = YES;
				CLANG_WARN_COMMA = YES;
				CLANG_WARN_CONSTANT_CONVERSION = YES;
				CLANG_WARN_DEPRECATED_OBJC_IMPLEMENTATIONS = YES;
				CLANG_WARN_DIRECT_OBJC_ISA_USAGE = YES_ERROR;
				CLANG_WARN_DOCUMENTATION_COMMENTS = YES;
				CLANG_WARN_EMPTY_BODY = YES;
				CLANG_WARN_ENUM_CONVERSION = YES;
				CLANG_WARN_INFINITE_RECURSION = YES;
				CLANG_WARN_INT_CONVERSION = YES;
				CLANG_WARN_NON_LITERAL_NULL_CONVERSION = YES;
				CLANG_WARN_OBJC_IMPLICIT_RETAIN_SELF = YES;
				CLANG_WARN_OBJC_LITERAL_CONVERSION = YES;
				CLANG_WARN_OBJC_ROOT_CLASS = YES_ERROR;
				CLANG_WARN_QUOTED_INCLUDE_IN_FRAMEWORK_HEADER = YES;
				CLANG_WARN_RANGE_LOOP_ANALYSIS = YES;
				CLANG_WARN_STRICT_PROTOTYPES = YES;
				CLANG_WARN_SUSPICIOUS_MOVE = YES;
				CLANG_WARN_UNGUARDED_AVAILABILITY = YES_AGGRESSIVE;
				CLANG_WARN_UNREACHABLE_CODE = YES;
				CLANG_WARN__DUPLICATE_METHOD_MATCH = YES;
				COPY_PHASE_STRIP = NO;
				DEBUG_INFORMATION_FORMAT = dwarf;
				ENABLE_STRICT_OBJC_MSGSEND = YES;
				ENABLE_TESTABILITY = YES;
				GCC_C_LANGUAGE_STANDARD = gnu11;
				GCC_DYNAMIC_NO_PIC = NO;
				GCC_NO_COMMON_BLOCKS = YES;
				GCC_OPTIMIZATION_LEVEL = 0;
				GCC_PREPROCESSOR_DEFINITIONS = (
					"DEBUG=1",
					"$(inherited)",
				);
				GCC_WARN_64_TO_32_BIT_CONVERSION = YES;
				GCC_WARN_ABOUT_RETURN_TYPE = YES_ERROR;
				GCC_WARN_UNDECLARED_SELECTOR = YES;
				GCC_WARN_UNINITIALIZED_AUTOS = YES_AGGRESSIVE;
				GCC_WARN_UNUSED_FUNCTION = YES;
				GCC_WARN_UNUSED_VARIABLE = YES;
				IPHONEOS_DEPLOYMENT_TARGET = 16.2;
				MTL_ENABLE_DEBUG_INFO = INCLUDE_SOURCE;
				MTL_FAST_MATH = YES;
				ONLY_ACTIVE_ARCH = YES;
				SDKROOT = iphoneos;
				SWIFT_ACTIVE_COMPILATION_CONDITIONS = DEBUG;
				SWIFT_OPTIMIZATION_LEVEL = "-Onone";
			};
			name = Debug;
		};
		DCFCF7EE299031F400692269 /* Release */ = {
			isa = XCBuildConfiguration;
			buildSettings = {
				ALWAYS_SEARCH_USER_PATHS = NO;
				CLANG_ANALYZER_NONNULL = YES;
				CLANG_ANALYZER_NUMBER_OBJECT_CONVERSION = YES_AGGRESSIVE;
				CLANG_CXX_LANGUAGE_STANDARD = "gnu++20";
				CLANG_ENABLE_MODULES = YES;
				CLANG_ENABLE_OBJC_ARC = YES;
				CLANG_ENABLE_OBJC_WEAK = YES;
				CLANG_WARN_BLOCK_CAPTURE_AUTORELEASING = YES;
				CLANG_WARN_BOOL_CONVERSION = YES;
				CLANG_WARN_COMMA = YES;
				CLANG_WARN_CONSTANT_CONVERSION = YES;
				CLANG_WARN_DEPRECATED_OBJC_IMPLEMENTATIONS = YES;
				CLANG_WARN_DIRECT_OBJC_ISA_USAGE = YES_ERROR;
				CLANG_WARN_DOCUMENTATION_COMMENTS = YES;
				CLANG_WARN_EMPTY_BODY = YES;
				CLANG_WARN_ENUM_CONVERSION = YES;
				CLANG_WARN_INFINITE_RECURSION = YES;
				CLANG_WARN_INT_CONVERSION = YES;
				CLANG_WARN_NON_LITERAL_NULL_CONVERSION = YES;
				CLANG_WARN_OBJC_IMPLICIT_RETAIN_SELF = YES;
				CLANG_WARN_OBJC_LITERAL_CONVERSION = YES;
				CLANG_WARN_OBJC_ROOT_CLASS = YES_ERROR;
				CLANG_WARN_QUOTED_INCLUDE_IN_FRAMEWORK_HEADER = YES;
				CLANG_WARN_RANGE_LOOP_ANALYSIS = YES;
				CLANG_WARN_STRICT_PROTOTYPES = YES;
				CLANG_WARN_SUSPICIOUS_MOVE = YES;
				CLANG_WARN_UNGUARDED_AVAILABILITY = YES_AGGRESSIVE;
				CLANG_WARN_UNREACHABLE_CODE = YES;
				CLANG_WARN__DUPLICATE_METHOD_MATCH = YES;
				COPY_PHASE_STRIP = NO;
				DEBUG_INFORMATION_FORMAT = "dwarf-with-dsym";
				ENABLE_NS_ASSERTIONS = NO;
				ENABLE_STRICT_OBJC_MSGSEND = YES;
				GCC_C_LANGUAGE_STANDARD = gnu11;
				GCC_NO_COMMON_BLOCKS = YES;
				GCC_WARN_64_TO_32_BIT_CONVERSION = YES;
				GCC_WARN_ABOUT_RETURN_TYPE = YES_ERROR;
				GCC_WARN_UNDECLARED_SELECTOR = YES;
				GCC_WARN_UNINITIALIZED_AUTOS = YES_AGGRESSIVE;
				GCC_WARN_UNUSED_FUNCTION = YES;
				GCC_WARN_UNUSED_VARIABLE = YES;
				IPHONEOS_DEPLOYMENT_TARGET = 16.2;
				MTL_ENABLE_DEBUG_INFO = NO;
				MTL_FAST_MATH = YES;
				SDKROOT = iphoneos;
				SWIFT_COMPILATION_MODE = wholemodule;
				SWIFT_OPTIMIZATION_LEVEL = "-O";
				VALIDATE_PRODUCT = YES;
			};
			name = Release;
		};
		DCFCF7F0299031F400692269 /* Debug */ = {
			isa = XCBuildConfiguration;
			buildSettings = {
				ASSETCATALOG_COMPILER_APPICON_NAME = AppIcon;
				ASSETCATALOG_COMPILER_GLOBAL_ACCENT_COLOR_NAME = AccentColor;
				CODE_SIGN_STYLE = Automatic;
				CURRENT_PROJECT_VERSION = 1;
				DEVELOPMENT_ASSET_PATHS = "\"ToDO_iOSApp/Preview Content\"";
				ENABLE_PREVIEWS = YES;
				GENERATE_INFOPLIST_FILE = YES;
				INFOPLIST_KEY_UIApplicationSceneManifest_Generation = YES;
				INFOPLIST_KEY_UIApplicationSupportsIndirectInputEvents = YES;
				INFOPLIST_KEY_UILaunchScreen_Generation = YES;
				INFOPLIST_KEY_UISupportedInterfaceOrientations_iPad = "UIInterfaceOrientationPortrait UIInterfaceOrientationPortraitUpsideDown UIInterfaceOrientationLandscapeLeft UIInterfaceOrientationLandscapeRight";
				INFOPLIST_KEY_UISupportedInterfaceOrientations_iPhone = "UIInterfaceOrientationPortrait UIInterfaceOrientationLandscapeLeft UIInterfaceOrientationLandscapeRight";
				LD_RUNPATH_SEARCH_PATHS = (
					"$(inherited)",
					"@executable_path/Frameworks",
				);
				MARKETING_VERSION = 1.0;
				PRODUCT_BUNDLE_IDENTIFIER = "com.todoapp.rajShekhar.ToDO-iOSApp";
				PRODUCT_NAME = "$(TARGET_NAME)";
				SWIFT_EMIT_LOC_STRINGS = YES;
				SWIFT_VERSION = 5.0;
				TARGETED_DEVICE_FAMILY = "1,2";
			};
			name = Debug;
		};
		DCFCF7F1299031F400692269 /* Release */ = {
			isa = XCBuildConfiguration;
			buildSettings = {
				ASSETCATALOG_COMPILER_APPICON_NAME = AppIcon;
				ASSETCATALOG_COMPILER_GLOBAL_ACCENT_COLOR_NAME = AccentColor;
				CODE_SIGN_STYLE = Automatic;
				CURRENT_PROJECT_VERSION = 1;
				DEVELOPMENT_ASSET_PATHS = "\"ToDO_iOSApp/Preview Content\"";
				ENABLE_PREVIEWS = YES;
				GENERATE_INFOPLIST_FILE = YES;
				INFOPLIST_KEY_UIApplicationSceneManifest_Generation = YES;
				INFOPLIST_KEY_UIApplicationSupportsIndirectInputEvents = YES;
				INFOPLIST_KEY_UILaunchScreen_Generation = YES;
				INFOPLIST_KEY_UISupportedInterfaceOrientations_iPad = "UIInterfaceOrientationPortrait UIInterfaceOrientationPortraitUpsideDown UIInterfaceOrientationLandscapeLeft UIInterfaceOrientationLandscapeRight";
				INFOPLIST_KEY_UISupportedInterfaceOrientations_iPhone = "UIInterfaceOrientationPortrait UIInterfaceOrientationLandscapeLeft UIInterfaceOrientationLandscapeRight";
				LD_RUNPATH_SEARCH_PATHS = (
					"$(inherited)",
					"@executable_path/Frameworks",
				);
				MARKETING_VERSION = 1.0;
				PRODUCT_BUNDLE_IDENTIFIER = "com.todoapp.rajShekhar.ToDO-iOSApp";
				PRODUCT_NAME = "$(TARGET_NAME)";
				SWIFT_EMIT_LOC_STRINGS = YES;
				SWIFT_VERSION = 5.0;
				TARGETED_DEVICE_FAMILY = "1,2";
			};
			name = Release;
		};
		DCFCF7F3299031F400692269 /* Debug */ = {
			isa = XCBuildConfiguration;
			buildSettings = {
				ALWAYS_EMBED_SWIFT_STANDARD_LIBRARIES = YES;
				BUNDLE_LOADER = "$(TEST_HOST)";
				CODE_SIGN_STYLE = Automatic;
				CURRENT_PROJECT_VERSION = 1;
				GENERATE_INFOPLIST_FILE = YES;
				IPHONEOS_DEPLOYMENT_TARGET = 16.2;
				MARKETING_VERSION = 1.0;
				PRODUCT_BUNDLE_IDENTIFIER = "com.todoapp.rajShekhar.ToDO-iOSAppTests";
				PRODUCT_NAME = "$(TARGET_NAME)";
				SWIFT_EMIT_LOC_STRINGS = NO;
				SWIFT_VERSION = 5.0;
				TARGETED_DEVICE_FAMILY = "1,2";
				TEST_HOST = "$(BUILT_PRODUCTS_DIR)/ToDO_iOSApp.app/$(BUNDLE_EXECUTABLE_FOLDER_PATH)/ToDO_iOSApp";
			};
			name = Debug;
		};
		DCFCF7F4299031F400692269 /* Release */ = {
			isa = XCBuildConfiguration;
			buildSettings = {
				ALWAYS_EMBED_SWIFT_STANDARD_LIBRARIES = YES;
				BUNDLE_LOADER = "$(TEST_HOST)";
				CODE_SIGN_STYLE = Automatic;
				CURRENT_PROJECT_VERSION = 1;
				GENERATE_INFOPLIST_FILE = YES;
				IPHONEOS_DEPLOYMENT_TARGET = 16.2;
				MARKETING_VERSION = 1.0;
				PRODUCT_BUNDLE_IDENTIFIER = "com.todoapp.rajShekhar.ToDO-iOSAppTests";
				PRODUCT_NAME = "$(TARGET_NAME)";
				SWIFT_EMIT_LOC_STRINGS = NO;
				SWIFT_VERSION = 5.0;
				TARGETED_DEVICE_FAMILY = "1,2";
				TEST_HOST = "$(BUILT_PRODUCTS_DIR)/ToDO_iOSApp.app/$(BUNDLE_EXECUTABLE_FOLDER_PATH)/ToDO_iOSApp";
			};
			name = Release;
		};
		DCFCF7F6299031F400692269 /* Debug */ = {
			isa = XCBuildConfiguration;
			buildSettings = {
				ALWAYS_EMBED_SWIFT_STANDARD_LIBRARIES = YES;
				CODE_SIGN_STYLE = Automatic;
				CURRENT_PROJECT_VERSION = 1;
				GENERATE_INFOPLIST_FILE = YES;
				MARKETING_VERSION = 1.0;
				PRODUCT_BUNDLE_IDENTIFIER = "com.todoapp.rajShekhar.ToDO-iOSAppUITests";
				PRODUCT_NAME = "$(TARGET_NAME)";
				SWIFT_EMIT_LOC_STRINGS = NO;
				SWIFT_VERSION = 5.0;
				TARGETED_DEVICE_FAMILY = "1,2";
				TEST_TARGET_NAME = ToDO_iOSApp;
			};
			name = Debug;
		};
		DCFCF7F7299031F400692269 /* Release */ = {
			isa = XCBuildConfiguration;
			buildSettings = {
				ALWAYS_EMBED_SWIFT_STANDARD_LIBRARIES = YES;
				CODE_SIGN_STYLE = Automatic;
				CURRENT_PROJECT_VERSION = 1;
				GENERATE_INFOPLIST_FILE = YES;
				MARKETING_VERSION = 1.0;
				PRODUCT_BUNDLE_IDENTIFIER = "com.todoapp.rajShekhar.ToDO-iOSAppUITests";
				PRODUCT_NAME = "$(TARGET_NAME)";
				SWIFT_EMIT_LOC_STRINGS = NO;
				SWIFT_VERSION = 5.0;
				TARGETED_DEVICE_FAMILY = "1,2";
				TEST_TARGET_NAME = ToDO_iOSApp;
			};
			name = Release;
		};
/* End XCBuildConfiguration section */

/* Begin XCConfigurationList section */
		DCFCF7C6299031F300692269 /* Build configuration list for PBXProject "ToDO_iOSApp" */ = {
			isa = XCConfigurationList;
			buildConfigurations = (
				DCFCF7ED299031F400692269 /* Debug */,
				DCFCF7EE299031F400692269 /* Release */,
			);
			defaultConfigurationIsVisible = 0;
			defaultConfigurationName = Release;
		};
		DCFCF7EF299031F400692269 /* Build configuration list for PBXNativeTarget "ToDO_iOSApp" */ = {
			isa = XCConfigurationList;
			buildConfigurations = (
				DCFCF7F0299031F400692269 /* Debug */,
				DCFCF7F1299031F400692269 /* Release */,
			);
			defaultConfigurationIsVisible = 0;
			defaultConfigurationName = Release;
		};
		DCFCF7F2299031F400692269 /* Build configuration list for PBXNativeTarget "ToDO_iOSAppTests" */ = {
			isa = XCConfigurationList;
			buildConfigurations = (
				DCFCF7F3299031F400692269 /* Debug */,
				DCFCF7F4299031F400692269 /* Release */,
			);
			defaultConfigurationIsVisible = 0;
			defaultConfigurationName = Release;
		};
		DCFCF7F5299031F400692269 /* Build configuration list for PBXNativeTarget "ToDO_iOSAppUITests" */ = {
			isa = XCConfigurationList;
			buildConfigurations = (
				DCFCF7F6299031F400692269 /* Debug */,
				DCFCF7F7299031F400692269 /* Release */,
			);
			defaultConfigurationIsVisible = 0;
			defaultConfigurationName = Release;
		};
/* End XCConfigurationList section */
	};
	rootObject = DCFCF7C3299031F300692269 /* Project object */;
}
